{
    "_meta": {
        "hash": {
            "sha256": "896086a8c13ba6a7d71eb84bc46c24f84dbf3247d566cfc14c2d4d3514a6cd74"
        },
        "pipfile-spec": 6,
        "requires": {},
        "sources": [
            {
                "name": "pypi",
                "url": "https://pypi.python.org/simple",
                "verify_ssl": true
            }
        ]
    },
    "default": {
        "aiodns": {
            "hashes": [
                "sha256:99d0652f2c02f73bfa646bf44af82705260a523014576647d7959e664830b26b",
                "sha256:d8677adc679ce8d0ef706c14d9c3d2f27a0e0cc11d59730cdbaf218ad52dd9ea"
            ],
            "markers": "python_version >= '3.5.3'",
            "version": "==1.1.1"
        },
        "aiohttp": {
            "hashes": [
                "sha256:1a3cee4cd10de0ce6c37d7a35f437baa70ca87272a0ccd3d3e1a0383de2f189a",
                "sha256:25983293a073ae530bd4027fb82a9f16fcfe48335873582946d2dc3ed64337f0",
                "sha256:33630a2dc90fee1e05bd1b57cde51d65b571c61494a1a91772c8bc0896acb5c8",
                "sha256:390c1a2c7799519b3755a6e3f660842c3b1544e92a10ecd309ea97ce5c8c713d",
                "sha256:52fcb205ab8a43ddaf182c928f84e998a02213139b2b2636a26249569d9518bd",
                "sha256:5c5de2bc5004c2c60e5f256978ad711c1fb4dca00890ac7884ed92c6aa520608",
                "sha256:65b61cec34628c5a2e047f93555d93c29f4e29169839b421f62206b9f317f7ae",
                "sha256:98f0172f7760597b636431b7651f020b8dba6a816b2d7e263afa54a4f2f4d0a6",
                "sha256:9fcef0489e3335b200d31a9c1fb6ba80fdafe14cd82b971168c2f9fa1e4508ad",
                "sha256:aeb5f0ef22896122fa5a84bf37202d3f6ee2404f12176608259bc408509f4883",
                "sha256:b03578ad3f5ba6fa8b8614bd3628c4c33de92bd23af95ebd8f4de66bac35d3d8",
                "sha256:bc50ec0dd5887844653ce5d2dd5dab93fd2e2af44d4be65d6d5306fb4039f2bf",
                "sha256:c7a55a2bf7433ddf753ed46cf5a733c787524a41b933799541075dd8db9ead1b",
                "sha256:f883507d537a838d496755a14a41f2c34c7af5f39d7627e15d6b2a27578705b7",
                "sha256:feb271ced50b689b2e4d969a5bfb0a1cfd0cc05dd11cdde4e42d93e009e0b900"
            ],
            "index": "pypi",
            "version": "==3.1.3"
        },
        "asn1crypto": {
            "hashes": [
                "sha256:7bb1cc02a5620b3d72da4ba070bda2f44f0e61b44dee910a302eddff802b6fb5",
                "sha256:87620880a477123e01177a1f73d0f327210b43a3cdbd714efcd2fa49a8d7b384"
            ],
            "version": "==1.2.0"
        },
        "async-timeout": {
            "hashes": [
                "sha256:00cff4d2dce744607335cba84e9929c3165632da2d27970dbc55802a0c7873d0",
                "sha256:9093db5b8ddbe4b8f6885d1a6e0ad84ae3155464cbf6877c387605244c285f3c"
            ],
            "version": "==2.0.1"
        },
        "attrs": {
            "hashes": [
                "sha256:08a96c641c3a74e44eb59afb61a24f2cb9f4d7188748e76ba4bb5edfa3cb7d1c",
                "sha256:f7b7ce16570fe9965acd6d30101a28f62fb4a7f9e926b3bbc9b61f8b04247e72"
            ],
            "version": "==19.3.0"
        },
        "cchardet": {
            "hashes": [
                "sha256:07dace80abce108d42a82be5a598797c0c07575741d81e698819bd42d367cdde",
                "sha256:36d58862c158de32ace6497e7bafc7f85049b35a3abbd65118baffbe2a1ec1e5",
                "sha256:3f70d1c41f0694d1411b47868fdb7c3147fd1bf09c22e6565a765eedfb888989",
                "sha256:69311e20183056b45313475cc05c3e968faa2b14a466a6b0c23780645a462afe",
                "sha256:6dfc76b71f66e002a99efa68efe4366143e8845b54cf5623eb05b5fa8fb030d6",
                "sha256:6e001eb2ff93c4c31a9952cf01c71f5f95c758314032094df5cf086168678b23",
                "sha256:7187a01130b838cea449904f3aa5c0bee0609fcc0f5f667f4ce08ea99d102ddc",
                "sha256:823a981ba75fe8c12a0a0259eb80ec3a657273559f6d7445ba6fe2d2b061c8f9",
                "sha256:9c9269208b9f8d7446dbd970f6544ce48104096efab0f769ee5918066ba1ee7e",
                "sha256:a62b29c8c5a41f5ae95f620746d6db03b86fb259340fd991c9a608aabc60a275",
                "sha256:b94a65d3a8cc900058e6aaedc0dde9c99ffe436d8670d156784d7b561b874cf5",
                "sha256:d12b3f1913068975f9b9431f3cdc44488786523cc6d5467ffcb5bd43d3210157",
                "sha256:d6c8eb90a9aa77f94e040a75d563f65849ab3b0c8f675b27928a91583648f8f8",
                "sha256:e1c3addf0c7408f76b98bd5f55f3abe844716d47dd6ab0d32eea8caa11a8fa41",
                "sha256:e32c4a420c6f7c6ea8d8a1fe36c60c70316a4ca1779dba2e00044b61d8ee2017",
                "sha256:e47d90a8484cc425ca4c13a204901e24e2d0b3e206deef7cf391c10639d33d6b",
                "sha256:eb8ee148e9fc13101e0e19ac98552d24b82731fcfddc915eed216c13ebbebec0",
                "sha256:f4e3d0d9a0113cdfbc2fafa995674c1c49ed4166543b454945ca44d6e2148935",
                "sha256:feda07443d732d86c9821671a898107b96ceb00462f405ec1dc08a353a9ddab0"
            ],
            "markers": "python_version >= '3.5.3'",
            "version": "==2.1.1"
        },
        "ccxt": {
            "hashes": [
                "sha256:62362048875f7c4503790edacf3bce6b9eca4d898c599b94a3a95efeb80e290d",
                "sha256:80a429dad60f379b0fd9119c9ba90097544254405a6a1bc8cce4ec3e3cd51058"
            ],
            "index": "pypi",
            "version": "==1.12.174"
        },
        "certifi": {
            "hashes": [
                "sha256:e4f3620cfea4f83eedc95b24abd9cd56f3c4b146dd0177e83a21b4eb49e21e50",
                "sha256:fd7c7c74727ddcf00e9acd26bba8da604ffec95bf1c2144e67aff7a8b50e6cef"
            ],
            "version": "==2019.9.11"
        },
        "cffi": {
            "hashes": [
                "sha256:08f99e8b38d5134d504aa7e486af8e4fde66a2f388bbecc270cdd1e00fa09ff8",
                "sha256:1112d2fc92a867a6103bce6740a549e74b1d320cf28875609f6e93857eee4f2d",
                "sha256:1b9ab50c74e075bd2ae489853c5f7f592160b379df53b7f72befcbe145475a36",
                "sha256:24eff2997436b6156c2f30bed215c782b1d8fd8c6a704206053c79af95962e45",
                "sha256:2eff642fbc9877a6449026ad66bf37c73bf4232505fb557168ba5c502f95999b",
                "sha256:362e896cea1249ed5c2a81cf6477fabd9e1a5088aa7ea08358a4c6b0998294d2",
                "sha256:40eddb3589f382cb950f2dcf1c39c9b8d7bd5af20665ce273815b0d24635008b",
                "sha256:5ed40760976f6b8613d4a0db5e423673ca162d4ed6c9ed92d1f4e58a47ee01b5",
                "sha256:632c6112c1e914c486f06cfe3f0cc507f44aa1e00ebf732cedb5719e6aa0466a",
                "sha256:64d84f0145e181f4e6cc942088603c8db3ae23485c37eeda71cb3900b5e67cb4",
                "sha256:6cb4edcf87d0e7f5bdc7e5c1a0756fbb37081b2181293c5fdf203347df1cd2a2",
                "sha256:6f19c9df4785305669335b934c852133faed913c0faa63056248168966f7a7d5",
                "sha256:719537b4c5cd5218f0f47826dd705fb7a21d83824920088c4214794457113f3f",
                "sha256:7b0e337a70e58f1a36fb483fd63880c9e74f1db5c532b4082bceac83df1523fa",
                "sha256:853376efeeb8a4ae49a737d5d30f5db8cdf01d9319695719c4af126488df5a6a",
                "sha256:85bbf77ffd12985d76a69d2feb449e35ecdcb4fc54a5f087d2bd54158ae5bb0c",
                "sha256:8978115c6f0b0ce5880bc21c967c65058be8a15f1b81aa5fdbdcbea0e03952d1",
                "sha256:8f7eec920bc83692231d7306b3e311586c2e340db2dc734c43c37fbf9c981d24",
                "sha256:8fe230f612c18af1df6f348d02d682fe2c28ca0a6c3856c99599cdacae7cf226",
                "sha256:92068ebc494b5f9826b822cec6569f1f47b9a446a3fef477e1d11d7fac9ea895",
                "sha256:b57e1c8bcdd7340e9c9d09613b5e7fdd0c600be142f04e2cc1cc8cb7c0b43529",
                "sha256:ba956c9b44646bc1852db715b4a252e52a8f5a4009b57f1dac48ba3203a7bde1",
                "sha256:ca42034c11eb447497ea0e7b855d87ccc2aebc1e253c22e7d276b8599c112a27",
                "sha256:dc9b2003e9a62bbe0c84a04c61b0329e86fccd85134a78d7aca373bbbf788165",
                "sha256:dd308802beb4b2961af8f037becbdf01a1e85009fdfc14088614c1b3c383fae5",
                "sha256:e77cd105b19b8cd721d101687fcf665fd1553eb7b57556a1ef0d453b6fc42faa",
                "sha256:f56dff1bd81022f1c980754ec721fb8da56192b026f17f0f99b965da5ab4fbd2",
                "sha256:fa4cc13c03ea1d0d37ce8528e0ecc988d2365e8ac64d8d86cafab4038cb4ce89",
                "sha256:fa8cf1cb974a9f5911d2a0303f6adc40625c05578d8e7ff5d313e1e27850bd59",
                "sha256:fb003019f06d5fc0aa4738492ad8df1fa343b8a37cbcf634018ad78575d185df",
                "sha256:fd409b7778167c3bcc836484a8f49c0e0b93d3e745d975749f83aa5d18a5822f",
                "sha256:fe5d65a3ee38122003245a82303d11ac05ff36531a8f5ce4bc7d4bbc012797e1"
            ],
            "version": "==1.13.0"
        },
        "chardet": {
            "hashes": [
                "sha256:84ab92ed1c4d4f16916e05906b6b75a6c0fb5db821cc65e70cbd64a3e2a5eaae",
                "sha256:fc323ffcaeaed0e0a02bf4d117757b98aed530d9ed4531e3e15460124c106691"
            ],
            "version": "==3.0.4"
        },
        "coincurve": {
            "hashes": [
                "sha256:01b1dad52c718c694dec1881bcda28358cd672c2a800c791b293ac60ce378e4d",
                "sha256:023a32800b76fbbc070d79fb028910789a5cb52813bbd809ae134965ceec26fc",
                "sha256:0eeaa5dc061c9341fc4802421e036a705edfe6487b71d41b3045f6532cc13c8f",
                "sha256:16697fd18874ca3d7a0b452f022a2604cab08af0b8326dda83da868e85ee6ecc",
                "sha256:174d7fe9c886abf77131724d4eb1816ca99c6a876b02ea4382a8fc638c5c5659",
                "sha256:42bf66b273220eaf5cc20fe868bc544931c76a09716121b8f93b4ba639b9c1ff",
                "sha256:4ddb162249cbf54952b424aa3a0c97549893597c9d4529589bd9a89969151042",
                "sha256:5885e4d7c05707db460a2cdec3ca08bf7dec185514eb7fa0417ea2c7e686804e",
                "sha256:6a4f721937a1bced6381130a34c9b5da2e7041973f2aa5e78bb64889d8663658",
                "sha256:6d5cf56de0adebcf7f2395b279868b19fee17a98b7de2c8c38f4b15b3b0805b5",
                "sha256:750476ff4eddb44902dbbb3b311ecfb62071327e38dbe0c833bee435e4007f57",
                "sha256:7e04c83d3d977df6caad688a66b98eb87d3b0d70a4a698c7339abc5bc818aba1",
                "sha256:7e6685a2bd59bbbfe7d21fcca036f045b88ada209b257c5f4edb976379d9ba8a",
                "sha256:901009df491ff042e666f0b1afa9b40ffd9db0608be7ced4f5572e068d933dbb",
                "sha256:a8e29373eb53214e7f3e9bbc819bc2b700bf1e599f357157737fe12e97938dbe",
                "sha256:bce55e69056d5c4b645e0dfad57c8d9c46de851b8b2d11c6a539655221d04dba",
                "sha256:c118b85ee107d9be1e34645f94be505882bcf2616bd09ddf4ef2d207f9f5e82f",
                "sha256:e01c7b9c705ea377ac18c7ec6a1cebd545204e844209c985e23059bf5de58ca9",
                "sha256:e1300fc144e28cb825deeaa44cb0475455437b9aa7dbcafcf46ed083a10670f8",
                "sha256:e3f63cbc4b7cb0b70845bb1f9f4b714822bd3a1a68db4a90f325f7cce1daed77",
                "sha256:e76172a97e693e96f165435640f7a5e55f1c3005e602b25d10875ee0c3014b57",
                "sha256:e851630985a0f0b099d1ed3bdf2c50a68b4aa4c2dc31fa53a1a6a7dbb76ee554",
                "sha256:ea0b7150053a8c46d0f2096ec75a6f7cdcbd4afd1abafa0caa28f3cdd34e3987",
                "sha256:f79d168089756058953593e06f8c3f3aa044d07fe440c142753e58895a0077a2"
            ],
            "version": "==12.0.0"
        },
        "cytoolz": {
            "hashes": [
                "sha256:ed9f6a07c2bac70d6c597df360d0666d11d2adc90141d54c5c2db08b380a4fac"
            ],
            "markers": "implementation_name == 'cpython'",
            "version": "==0.10.0"
        },
        "eth-hash": {
            "hashes": [
                "sha256:1b9cb34dd3cd99c85c2bd6a1420ceae39a2eee8bf080efd264bcda8be3edecc8",
                "sha256:499dc02d098f69856d1a6dd005529c16174157d4fb2a9fe20c41f69e39f8f176"
            ],
            "version": "==0.2.0"
        },
        "eth-typing": {
            "hashes": [
                "sha256:164d5fb164636b62a5729557953edfadc91e4f1b055cd591cace24913a917764",
                "sha256:901fcda2ab7cb4d92314484ce4730b6e02f1fccd97d3e20f72a9bdb531624c45"
            ],
            "version": "==2.1.0"
        },
        "eth-utils": {
            "hashes": [
                "sha256:8f01c563fef5400c91465f33d584558e5384306d3b72b5a4fa2fcb2f6d7154e8",
                "sha256:e874aa50ceeceb9e46d8a9cb566d2c010702b35eecde1c6b48c91c29e9d155d1"
            ],
            "version": "==1.7.0"
        },
        "ethereum": {
            "hashes": [
                "sha256:69a22c2f793970d184777bb92589e67d0f622d56eda7c3c1bfc1f0edad522c1c"
            ],
            "index": "pypi",
            "version": "==2.3.1"
        },
        "fire": {
            "hashes": [
                "sha256:c299d16064ff81cbb649b65988300d4a28b71ecfb789d1fb74d99ea98ae4d2eb"
            ],
            "index": "pypi",
            "version": "==0.1.3"
        },
        "future": {
            "hashes": [
                "sha256:858e38522e8fd0d3ce8f0c1feaf0603358e366d5403209674c7b617fa0c24093"
            ],
            "version": "==0.18.1"
        },
        "idna": {
            "hashes": [
                "sha256:c357b3f628cf53ae2c4c05627ecc484553142ca23264e593d327bcde5e9c3407",
                "sha256:ea8b7f6188e6fa117537c3df7da9fc686d485087abf6ac197f9c46432f7e4a3c"
            ],
            "version": "==2.8"
        },
        "idna-ssl": {
            "hashes": [
                "sha256:a933e3bb13da54383f9e8f35dc4f9cb9eb9b3b78c6b36f311254d6d0d92c6c7c"
            ],
            "version": "==1.1.0"
        },
        "jsonrpc": {
            "hashes": [
                "sha256:3fa3d4fa2bf08fc243961835ac10140d5f954c6cc251be40e44af8cd584df00f"
            ],
            "index": "pypi",
            "version": "==1.2"
        },
        "loggly-python-handler": {
            "hashes": [
                "sha256:dfb8cfba6f52af58261d8064fff1bc830697303a4274da5e7dee417206476400"
            ],
            "index": "pypi",
            "version": "==1.0.0"
        },
        "multidict": {
            "hashes": [
                "sha256:024b8129695a952ebd93373e45b5d341dbb87c17ce49637b34000093f243dd4f",
                "sha256:041e9442b11409be5e4fc8b6a97e4bcead758ab1e11768d1e69160bdde18acc3",
                "sha256:045b4dd0e5f6121e6f314d81759abd2c257db4634260abcfe0d3f7083c4908ef",
                "sha256:047c0a04e382ef8bd74b0de01407e8d8632d7d1b4db6f2561106af812a68741b",
                "sha256:068167c2d7bbeebd359665ac4fff756be5ffac9cda02375b5c5a7c4777038e73",
                "sha256:148ff60e0fffa2f5fad2eb25aae7bef23d8f3b8bdaf947a65cdbe84a978092bc",
                "sha256:1d1c77013a259971a72ddaa83b9f42c80a93ff12df6a4723be99d858fa30bee3",
                "sha256:1d48bc124a6b7a55006d97917f695effa9725d05abe8ee78fd60d6588b8344cd",
                "sha256:31dfa2fc323097f8ad7acd41aa38d7c614dd1960ac6681745b6da124093dc351",
                "sha256:34f82db7f80c49f38b032c5abb605c458bac997a6c3142e0d6c130be6fb2b941",
                "sha256:3d5dd8e5998fb4ace04789d1d008e2bb532de501218519d70bb672c4c5a2fc5d",
                "sha256:4a6ae52bd3ee41ee0f3acf4c60ceb3f44e0e3bc52ab7da1c2b2aa6703363a3d1",
                "sha256:4b02a3b2a2f01d0490dd39321c74273fed0568568ea0e7ea23e02bd1fb10a10b",
                "sha256:4b843f8e1dd6a3195679d9838eb4670222e8b8d01bc36c9894d6c3538316fa0a",
                "sha256:5de53a28f40ef3c4fd57aeab6b590c2c663de87a5af76136ced519923d3efbb3",
                "sha256:61b2b33ede821b94fa99ce0b09c9ece049c7067a33b279f343adfe35108a4ea7",
                "sha256:6a3a9b0f45fd75dc05d8e93dc21b18fc1670135ec9544d1ad4acbcf6b86781d0",
                "sha256:76ad8e4c69dadbb31bad17c16baee61c0d1a4a73bed2590b741b2e1a46d3edd0",
                "sha256:7ba19b777dc00194d1b473180d4ca89a054dd18de27d0ee2e42a103ec9b7d014",
                "sha256:7c1b7eab7a49aa96f3db1f716f0113a8a2e93c7375dd3d5d21c4941f1405c9c5",
                "sha256:7fc0eee3046041387cbace9314926aa48b681202f8897f8bff3809967a049036",
                "sha256:8ccd1c5fff1aa1427100ce188557fc31f1e0a383ad8ec42c559aabd4ff08802d",
                "sha256:8e08dd76de80539d613654915a2f5196dbccc67448df291e69a88712ea21e24a",
                "sha256:c18498c50c59263841862ea0501da9f2b3659c00db54abfbf823a80787fde8ce",
                "sha256:c49db89d602c24928e68c0d510f4fcf8989d77defd01c973d6cbe27e684833b1",
                "sha256:ce20044d0317649ddbb4e54dab3c1bcc7483c78c27d3f58ab3d0c7e6bc60d26a",
                "sha256:d1071414dd06ca2eafa90c85a079169bfeb0e5f57fd0b45d44c092546fcd6fd9",
                "sha256:d3be11ac43ab1a3e979dac80843b42226d5d3cccd3986f2e03152720a4297cd7",
                "sha256:db603a1c235d110c860d5f39988ebc8218ee028f07a7cbc056ba6424372ca31b"
            ],
            "version": "==4.5.2"
        },
        "mypy-extensions": {
            "hashes": [
                "sha256:090fedd75945a69ae91ce1303b5824f428daf5a028d2f6ab8a299250a846f15d",
                "sha256:2d82818f5bb3e369420cb3c4060a7970edba416647068eb4c5343488a6c604a8"
            ],
            "version": "==0.4.3"
        },
        "numpy": {
            "hashes": [
                "sha256:0b0dd8f47fb177d00fa6ef2d58783c4f41ad3126b139c91dd2f7c4b3fdf5e9a5",
                "sha256:25ffe71f96878e1da7e014467e19e7db90ae7d4e12affbc73101bcf61785214e",
                "sha256:26efd7f7d755e6ca966a5c0ac5a930a87dbbaab1c51716ac26a38f42ecc9bc4b",
                "sha256:28b1180c758abf34a5c3fea76fcee66a87def1656724c42bb14a6f9717a5bdf7",
                "sha256:2e418f0a59473dac424f888dd57e85f77502a593b207809211c76e5396ae4f5c",
                "sha256:30c84e3a62cfcb9e3066f25226e131451312a044f1fe2040e69ce792cb7de418",
                "sha256:4650d94bb9c947151737ee022b934b7d9a845a7c76e476f3e460f09a0c8c6f39",
                "sha256:4dd830a11e8724c9c9379feed1d1be43113f8bcce55f47ea7186d3946769ce26",
                "sha256:4f2a2b279efde194877aff1f76cf61c68e840db242a5c7169f1ff0fd59a2b1e2",
                "sha256:62d22566b3e3428dfc9ec972014c38ed9a4db4f8969c78f5414012ccd80a149e",
                "sha256:669795516d62f38845c7033679c648903200980d68935baaa17ac5c7ae03ae0c",
                "sha256:75fcd60d682db3e1f8fbe2b8b0c6761937ad56d01c1dc73edf4ef2748d5b6bc4",
                "sha256:9395b0a41e8b7e9a284e3be7060db9d14ad80273841c952c83a5afc241d2bd98",
                "sha256:9e37c35fc4e9410093b04a77d11a34c64bf658565e30df7cbe882056088a91c1",
                "sha256:a0678793096205a4d784bd99f32803ba8100f639cf3b932dc63b21621390ea7e",
                "sha256:b46554ad4dafb2927f88de5a1d207398c5385edbb5c84d30b3ef187c4a3894d8",
                "sha256:c867eeccd934920a800f65c6068acdd6b87e80d45cd8c8beefff783b23cdc462",
                "sha256:dd0667f5be56fb1b570154c2c0516a528e02d50da121bbbb2cbb0b6f87f59bc2",
                "sha256:de2b1c20494bdf47f0160bd88ed05f5e48ae5dc336b8de7cfade71abcc95c0b9",
                "sha256:f1df7b2b7740dd777571c732f98adb5aad5450aee32772f1b39249c8a50386f6",
                "sha256:ffca69e29079f7880c5392bf675eb8b4146479d976ae1924d01cd92b04cccbcc"
            ],
            "version": "==1.17.3"
        },
        "pandas": {
            "hashes": [
                "sha256:02541a4fdd31315f213a5c8e18708abad719ee03eda05f603c4fe973e9b9d770",
                "sha256:052a66f58783a59ea38fdfee25de083b107baa81fdbe38fabd169d0f9efce2bf",
                "sha256:06efae5c00b9f4c6e6d3fe1eb52e590ff0ea8e5cb58032c724e04d31c540de53",
                "sha256:12f2a19d0b0adf31170d98d0e8bcbc59add0965a9b0c65d39e0665400491c0c5",
                "sha256:244ae0b9e998cfa88452a49b20e29bf582cc7c0e69093876d505aec4f8e1c7fe",
                "sha256:2907f3fe91ca2119ac3c38de6891bbbc83333bfe0d98309768fee28de563ee7a",
                "sha256:44a94091dd71f05922eec661638ec1a35f26d573c119aa2fad964f10a2880e6c",
                "sha256:587a9816cc663c958fcff7907c553b73fe196604f990bc98e1b71ebf07e45b44",
                "sha256:66403162c8b45325a995493bdd78ad4d8be085e527d721dbfa773d56fbba9c88",
                "sha256:68ac484e857dcbbd07ea7c6f516cc67f7f143f5313d9bc661470e7f473528882",
                "sha256:68b121d13177f5128a4c118bb4f73ba40df28292c038389961aa55ea5a996427",
                "sha256:97c8223d42d43d86ca359a57b4702ca0529c6553e83d736e93a5699951f0f8db",
                "sha256:af0dbac881f6f87acd325415adea0ce8cccf28f5d4ad7a54b6a1e176e2f7bf70",
                "sha256:c2cd884794924687edbaad40d18ac984054d247bb877890932c4d41e3c3aba31",
                "sha256:c372db80a5bcb143c9cb254d50f902772c3b093a4f965275197ec2d2184b1e61"
            ],
            "index": "pypi",
            "version": "==0.22.0"
        },
        "pbkdf2": {
            "hashes": [
                "sha256:ac6397369f128212c43064a2b4878038dab78dab41875364554aaf2a684e6979"
            ],
            "version": "==1.3"
        },
        "py-ecc": {
            "hashes": [
                "sha256:67136ea75c35f7610b8060861c9999eecbe7f22c690882daadbe4e1712a314c0",
                "sha256:c209755bd5943c89ad6fba385c84a891c66fd74e4a5f0cfd3ea72eb9164df70c"
            ],
            "version": "==1.7.1"
        },
        "pycares": {
            "hashes": [
                "sha256:2ca080db265ea238dc45f997f94effb62b979a617569889e265c26a839ed6305",
                "sha256:6f79c6afb6ce603009db2042fddc2e348ad093ece9784cbe2daa809499871a23",
                "sha256:70918d06eb0603016d37092a5f2c0228509eb4e6c5a3faacb4184f6ab7be7650",
                "sha256:755187d28d24a9ea63aa2b4c0638be31d65fbf7f0ce16d41261b9f8cb55a1b99",
                "sha256:7baa4b1f2146eb8423ff8303ebde3a20fb444a60db761fba0430d104fe35ddbf",
                "sha256:90b27d4df86395f465a171386bc341098d6d47b65944df46518814ae298f6cc6",
                "sha256:9e090dd6b2afa65cb51c133883b2bf2240fd0f717b130b0048714b33fb0f47ce",
                "sha256:a11b7d63c3718775f6e805d6464cb10943780395ab042c7e5a0a7a9f612735dd",
                "sha256:b253f5dcaa0ac7076b79388a3ac80dd8f3bd979108f813baade40d3a9b8bf0bd",
                "sha256:c7f4f65e44ba35e35ad3febc844270665bba21cfb0fb7d749434e705b556e087",
                "sha256:cdb342e6a254f035bd976d95807a2184038fc088d957a5104dcaab8be602c093",
                "sha256:cf08e164f8bfb83b9fe633feb56f2754fae6baefcea663593794fa0518f8f98c",
                "sha256:df9bc694cf03673878ea8ce674082c5acd134991d64d6c306d4bd61c0c1df98f"
            ],
            "version": "==3.0.0"
        },
        "pycoin": {
            "hashes": [
                "sha256:a79a7771c3f6ca2e35667e80983987f0c799c5db01e58016c22a12e8484b2034"
            ],
            "index": "pypi",
            "version": "==0.80"
        },
        "pycparser": {
            "hashes": [
                "sha256:a988718abfad80b6b157acce7bf130a30876d27603738ac39f140993246b25b3"
            ],
            "version": "==2.19"
        },
        "pycryptodome": {
            "hashes": [
                "sha256:023c294367d7189ae224fb61bc8d49a2347704087c1c78dbd5ab114dd5b97761",
                "sha256:0f29e1238ad3b6b6e2acd7ea1d8e8b382978a56503f2c48b67d5dc144d143cb0",
                "sha256:18f376698e3ddcb1d3b312512ca78c9eed132e68ac6d0bf2e72452dfe213e96f",
                "sha256:1de815b847982f909dc2e5e2ca641b85cde80d95cc7e6a359c03d4b42cd21568",
                "sha256:1ff619b8e4050799ca5ca0ffdf8eb0dbccba6997997866755f37e6aa7dde23fe",
                "sha256:233a04bb7bdd4b07e14d61d5166150942d872802daa4f049d49a453fe0659e94",
                "sha256:33c07e1e36ec84524b49f99f11804d5e4d2188c643e84d914cb1e0a277ed3c79",
                "sha256:3701822a085dbebf678bfbdfbd6ebd92ffa80d5a544c9979984bf16a67c9790b",
                "sha256:3f8e6851c0a45429f9b86c1597d3b831b0cff140b3e170a891fce55ef8dac2bb",
                "sha256:4f6cdddf1fe72e7f173e9734aa19b94cbd046b61a8559d650ff222e36021d5c1",
                "sha256:52d20b22c5b1fc952b4c686b99a6c55c3b0b0a673bec30570f156a72198f66ff",
                "sha256:5452b534fecf8bf57cf9106d00877f5f4ab7264e7a5e1f5ea8d15b04517d1255",
                "sha256:5a7a9a4a7f8f0990fa97fee71c7f7e0c412925c515cfc6d4996961e92c9be8e5",
                "sha256:600bf9dd5fbed0feee83950e2a8baacaa1f38b56c237fff270d31e47f8da9e52",
                "sha256:6840c9881e528224ebf72b3f73b3d11baf399e265106c9f4d9bae4f09615a93a",
                "sha256:71b041d43fe13004abc36ca720ac64ea489ee8a3407a25116481d0faf9d62494",
                "sha256:7252498b427c421e306473ed344e58235eedd95c15fec2e1b33d333aefa1ea10",
                "sha256:8d2135c941d38f241e0e62dbdfc1ca5d9240527e61316126797f50b6f3e49825",
                "sha256:a0962aea03933b99cf391c3e10dfef32f77915d5553464264cfbc6711f31d254",
                "sha256:a117047a220b3911d425affcd1cbc97a1af7ea7eb5d985d9964d42b4f0558489",
                "sha256:a35a5c588248ba00eb976a8554211e584a55de286783bc69b12bdd7954052b4a",
                "sha256:c1a4f3f651471b9bf60b0d98fa8a994b8a73ff8ab4edc691e23243c853aaff9f",
                "sha256:c419943306756ddd1a1997120bb073733bc223365909c68185106d5521cbc0ef",
                "sha256:c453ad968b67d66448543420ec39770c30bd16d986058255f058ab87c4f6cc1f",
                "sha256:d2d78644655629c7d1b9bf28e479d29facc0949d9ff095103ca9c2314b329ee0",
                "sha256:d7be60dc2126ee350ac7191549f5ab05c2dd76a5d5a3022249f395a401c6ea37",
                "sha256:dbeb08ad850056747aa7d5f33273b7ce0b9a77910604a1be7b7a6f2ef076213f",
                "sha256:f02382dc1bf91fb7123f2a3851fb1b526c871fa9359f387f2bcc847efc74ae52"
            ],
            "version": "==3.9.0"
        },
        "pyethash": {
            "hashes": [
                "sha256:ff66319ce26b9d77df1f610942634dac9742e216f2c27b051c0a2c2dec9c2818"
            ],
            "version": "==0.1.27"
        },
        "pysha3": {
            "hashes": [
                "sha256:0060a66be16665d90c432f55a0ba1f6480590cfb7d2ad389e688a399183474f0",
                "sha256:11a2ba7a2e1d9669d0052fc8fb30f5661caed5512586ecbeeaf6bf9478ab5c48",
                "sha256:386998ee83e313b6911327174e088021f9f2061cbfa1651b97629b761e9ef5c4",
                "sha256:41be70b06c8775a9e4d4eeb52f2f6a3f356f17539a54eac61f43a29e42fd453d",
                "sha256:4416f16b0f1605c25f627966f76873e432971824778b369bd9ce1bb63d6566d9",
                "sha256:571a246308a7b63f15f5aa9651f99cf30f2a6acba18eddf28f1510935968b603",
                "sha256:59111c08b8f34495575d12e5f2ce3bafb98bea470bc81e70c8b6df99aef0dd2f",
                "sha256:5ec8da7c5c70a53b5fa99094af3ba8d343955b212bc346a0d25f6ff75853999f",
                "sha256:684cb01d87ed6ff466c135f1c83e7e4042d0fc668fa20619f581e6add1d38d77",
                "sha256:68c3a60a39f9179b263d29e221c1bd6e01353178b14323c39cc70593c30f21c5",
                "sha256:6e6a84efb7856f5d760ee55cd2b446972cb7b835676065f6c4f694913ea8f8d9",
                "sha256:827b308dc025efe9b6b7bae36c2e09ed0118a81f792d888548188e97b9bf9a3d",
                "sha256:93abd775dac570cb9951c4e423bcb2bc6303a9d1dc0dc2b7afa2dd401d195b24",
                "sha256:9c778fa8b161dc9348dc5cc361e94d54aa5ff18413788f4641f6600d4893a608",
                "sha256:9fdd28884c5d0b4edfed269b12badfa07f1c89dbc5c9c66dd279833894a9896b",
                "sha256:c7c2adcc43836223680ebdf91f1d3373543dc32747c182c8ca2e02d1b69ce030",
                "sha256:c93a2676e6588abcfaecb73eb14485c81c63b94fca2000a811a7b4fb5937b8e8",
                "sha256:cd5c961b603bd2e6c2b5ef9976f3238a561c58569945d4165efb9b9383b050ef",
                "sha256:f9046d59b3e72aa84f6dae83a040bd1184ebd7fef4e822d38186a8158c89e3cf",
                "sha256:fd7e66999060d079e9c0e8893e78d8017dad4f59721f6fe0be6307cd32127a07",
                "sha256:fe988e73f2ce6d947220624f04d467faf05f1bbdbc64b0a201296bb3af92739e"
            ],
            "version": "==1.0.2"
        },
        "python-dateutil": {
            "hashes": [
                "sha256:7e6584c74aeed623791615e26efd690f29817a27c73085b78e4bad02493df2fb",
                "sha256:c89805f6f4d64db21ed966fda138f8a5ed7a4fdbc1a8ee329ce1b74e3c74da9e"
            ],
            "version": "==2.8.0"
        },
        "pytz": {
            "hashes": [
                "sha256:1c557d7d0e871de1f5ccd5833f60fb2550652da6be2693c1e02300743d21500d",
                "sha256:b02c06db6cf09c12dd25137e563b31700d3b80fcc4ad23abb7a315f2789819be"
            ],
            "version": "==2019.3"
        },
        "pyyaml": {
            "hashes": [
                "sha256:1adecc22f88d38052fb787d959f003811ca858b799590a5eaa70e63dca50308c",
                "sha256:436bc774ecf7c103814098159fbb84c2715d25980175292c648f2da143909f95",
                "sha256:460a5a4248763f6f37ea225d19d5c205677d8d525f6a83357ca622ed541830c2",
                "sha256:5a22a9c84653debfbf198d02fe592c176ea548cccce47553f35f466e15cf2fd4",
                "sha256:7a5d3f26b89d688db27822343dfa25c599627bc92093e788956372285c6298ad",
                "sha256:9372b04a02080752d9e6f990179a4ab840227c6e2ce15b95e1278456664cf2ba",
                "sha256:a5dcbebee834eaddf3fa7366316b880ff4062e4bcc9787b78c7fbb4a26ff2dd1",
                "sha256:aee5bab92a176e7cd034e57f46e9df9a9862a71f8f37cad167c6fc74c65f5b4e",
                "sha256:c51f642898c0bacd335fc119da60baae0824f2cde95b0330b56c0553439f0673",
                "sha256:c68ea4d3ba1705da1e0d85da6684ac657912679a649e8868bd850d2c299cce13",
                "sha256:e23d0cc5299223dcc37885dae624f382297717e459ea24053709675a976a3e19"
            ],
            "index": "pypi",
            "version": "==5.1"
        },
        "repoze.lru": {
            "hashes": [
                "sha256:0429a75e19380e4ed50c0694e26ac8819b4ea7851ee1fc7583c8572db80aff77",
                "sha256:f77bf0e1096ea445beadd35f3479c5cff2aa1efe604a133e67150bc8630a62ea"
            ],
            "version": "==0.7"
        },
        "requests": {
            "hashes": [
                "sha256:11e007a8a2aa0323f5a921e9e6a2d7e4e67d9877e85773fba9ba6419025cbeb4",
                "sha256:9cf5292fcd0f598c671cfc1e0d7d1a7f13bb8085e9a590f48c010551dc6c4b31"
            ],
            "version": "==2.22.0"
        },
        "requests-futures": {
            "hashes": [
                "sha256:35547502bf1958044716a03a2f47092a89efe8f9789ab0c4c528d9c9c30bc148"
            ],
            "version": "==1.0.0"
        },
        "rlp": {
            "hashes": [
                "sha256:0505fd53278cb4a3ea6baf1b658357ac209bdcdd1b316ac90050c40f669ceacc",
                "sha256:ebe80a03c50e3d6aac47f44ddd45048bb99e411203cd764f5da1330e6d83821c"
            ],
            "version": "==1.1.0"
        },
        "scrypt": {
            "hashes": [
                "sha256:1377b1adc98c4152694bf5d7e93b41a9d2e9060af69b747cfad8c93ac426f9ea",
                "sha256:336a76da970674206591a9d1092b165a6792eadeaed5fd8fd0d7e367ea0cd74a",
                "sha256:40fcaecc2e6cc3f9d200c7fb111454f4b584dcde3cf1242d0730ca299fb08553",
                "sha256:96ef78c99b324000cadf019c6af1f6cd2fefc1048951fc07365ec74bf99c17f9",
                "sha256:a12930a9942774dbaebe0ae4e3d089a6ea158daf7fc6d9b81aba47bcb73103ff",
                "sha256:b5434eb5608d491abf42bdacb5dea2103ff25d4e42c0a2b574bd74c7789bbb37",
                "sha256:b9da3cd041efdbfde0f353351b6f8a8e0b7b7b4e8d95a29e59f77c48e2cee96d",
                "sha256:d5acc01c27048ad5f5477aeaa97c8faa1bd739f0a915d31b4526e18609fd9df1",
                "sha256:e1d24b8dd8a4451745a0f99c6bf356475fa822e5ebdeb207ea99f0fdab54c909"
            ],
            "version": "==0.8.13"
        },
        "six": {
            "hashes": [
                "sha256:3350809f0555b11f552448330d0b52d5f24c91a322ea4a15ef22629740f3761c",
                "sha256:d16a0141ec1a18405cd4ce8b4613101da75da0e9a7aec5bdd4fa804d0e0eba73"
            ],
            "version": "==1.12.0"
        },
        "toolz": {
            "hashes": [
                "sha256:08fdd5ef7c96480ad11c12d472de21acd32359996f69a5259299b540feba4560"
            ],
            "version": "==0.10.0"
        },
        "urllib3": {
            "hashes": [
                "sha256:3de946ffbed6e6746608990594d08faac602528ac7015ac28d33cee6a45b7398",
                "sha256:9a107b99a5393caf59c7aa3c1249c16e6879447533d0887f4336dde834c7be86"
            ],
            "version": "==1.25.6"
        },
        "yarl": {
            "hashes": [
                "sha256:0a5d90f6d6ed6204e58b9d10882ef1a1193010e76e744ba39e848e8ddf96ab7a",
                "sha256:1f96aa307067766c3edfc075739e5da8c790178d98f95e033fc8e22b8f2bc920",
                "sha256:2aec0ae0c50997e1a7af3ada4983e11caf212eee73eff6876ce26cf3a5072644",
                "sha256:42a7fc3d31c4c5b7fb7102380e1518e5af88e3bec7e89acf1213973e880bff6f",
                "sha256:6af895b45bd49254cc309ac0fe6e1595636a024953d710e01114257736184698",
                "sha256:9d25d6d6865979a5216b5bc2b9bd913dbaff636f74411baaa3e79c708ebeafbb",
                "sha256:c4c7682551c0b10b5c6fe0e359745759bd6298ab5839d9433ad0ed820def0d40",
                "sha256:c9adaa61e1d9487c69f40561a89fc68640dba05e014ed29315b586e106a95671",
                "sha256:d861e697e4f1dbd614c29c7594f0dd3dbc48144f1e1f9ed8380604c7dde6cb19",
                "sha256:e2dbf932bc9519281393973187075f1c2261a9e58032265ae47b2e79ece30ad8",
                "sha256:e938046ce94bcb21e4641712eee3f3c211fc1e5a4601fd89c031e638022097a3",
                "sha256:f00d067a08836c03646ace00baaf59697e978d2f1958b090c3a098c59221e175",
                "sha256:f96d8bd39ee85cb9e842e3c7ad8c7cfb875bebfe07d63e87ca3e3984cb2f1546"
            ],
            "markers": "python_version >= '3.5.3'",
            "version": "==1.1.0"
        }
    },
    "develop": {
        "astroid": {
            "hashes": [
                "sha256:87de48a92e29cedf7210ffa853d11441e7ad94cb47bacd91b023499b51cbc756",
                "sha256:d25869fc7f44f1d9fb7d24fd7ea0639656f5355fc3089cd1f3d18c6ec6b124c7"
            ],
            "version": "==1.6.6"
        },
        "attrs": {
            "hashes": [
                "sha256:08a96c641c3a74e44eb59afb61a24f2cb9f4d7188748e76ba4bb5edfa3cb7d1c",
                "sha256:f7b7ce16570fe9965acd6d30101a28f62fb4a7f9e926b3bbc9b61f8b04247e72"
            ],
            "version": "==19.3.0"
        },
        "coverage": {
            "hashes": [
                "sha256:08907593569fe59baca0bf152c43f3863201efb6113ecb38ce7e97ce339805a6",
                "sha256:0be0f1ed45fc0c185cfd4ecc19a1d6532d72f86a2bac9de7e24541febad72650",
                "sha256:141f08ed3c4b1847015e2cd62ec06d35e67a3ac185c26f7635f4406b90afa9c5",
                "sha256:19e4df788a0581238e9390c85a7a09af39c7b539b29f25c89209e6c3e371270d",
                "sha256:23cc09ed395b03424d1ae30dcc292615c1372bfba7141eb85e11e50efaa6b351",
                "sha256:245388cda02af78276b479f299bbf3783ef0a6a6273037d7c60dc73b8d8d7755",
                "sha256:331cb5115673a20fb131dadd22f5bcaf7677ef758741312bee4937d71a14b2ef",
                "sha256:386e2e4090f0bc5df274e720105c342263423e77ee8826002dcffe0c9533dbca",
                "sha256:3a794ce50daee01c74a494919d5ebdc23d58873747fa0e288318728533a3e1ca",
                "sha256:60851187677b24c6085248f0a0b9b98d49cba7ecc7ec60ba6b9d2e5574ac1ee9",
                "sha256:63a9a5fc43b58735f65ed63d2cf43508f462dc49857da70b8980ad78d41d52fc",
                "sha256:6b62544bb68106e3f00b21c8930e83e584fdca005d4fffd29bb39fb3ffa03cb5",
                "sha256:6ba744056423ef8d450cf627289166da65903885272055fb4b5e113137cfa14f",
                "sha256:7494b0b0274c5072bddbfd5b4a6c6f18fbbe1ab1d22a41e99cd2d00c8f96ecfe",
                "sha256:826f32b9547c8091679ff292a82aca9c7b9650f9fda3e2ca6bf2ac905b7ce888",
                "sha256:93715dffbcd0678057f947f496484e906bf9509f5c1c38fc9ba3922893cda5f5",
                "sha256:9a334d6c83dfeadae576b4d633a71620d40d1c379129d587faa42ee3e2a85cce",
                "sha256:af7ed8a8aa6957aac47b4268631fa1df984643f07ef00acd374e456364b373f5",
                "sha256:bf0a7aed7f5521c7ca67febd57db473af4762b9622254291fbcbb8cd0ba5e33e",
                "sha256:bf1ef9eb901113a9805287e090452c05547578eaab1b62e4ad456fcc049a9b7e",
                "sha256:c0afd27bc0e307a1ffc04ca5ec010a290e49e3afbe841c5cafc5c5a80ecd81c9",
                "sha256:dd579709a87092c6dbee09d1b7cfa81831040705ffa12a1b248935274aee0437",
                "sha256:df6712284b2e44a065097846488f66840445eb987eb81b3cc6e4149e7b6982e1",
                "sha256:e07d9f1a23e9e93ab5c62902833bf3e4b1f65502927379148b6622686223125c",
                "sha256:e2ede7c1d45e65e209d6093b762e98e8318ddeff95317d07a27a2140b80cfd24",
                "sha256:e4ef9c164eb55123c62411f5936b5c2e521b12356037b6e1c2617cef45523d47",
                "sha256:eca2b7343524e7ba246cab8ff00cab47a2d6d54ada3b02772e908a45675722e2",
                "sha256:eee64c616adeff7db37cc37da4180a3a5b6177f5c46b187894e633f088fb5b28",
                "sha256:ef824cad1f980d27f26166f86856efe11eff9912c4fed97d3804820d43fa550c",
                "sha256:efc89291bd5a08855829a3c522df16d856455297cf35ae827a37edac45f466a7",
                "sha256:fa964bae817babece5aa2e8c1af841bebb6d0b9add8e637548809d040443fee0",
                "sha256:ff37757e068ae606659c28c3bd0d923f9d29a85de79bf25b2b34b148473b5025"
            ],
            "version": "==4.5.4"
        },
        "fire": {
            "hashes": [
                "sha256:c299d16064ff81cbb649b65988300d4a28b71ecfb789d1fb74d99ea98ae4d2eb"
            ],
            "index": "pypi",
            "version": "==0.1.3"
        },
        "isort": {
            "hashes": [
                "sha256:54da7e92468955c4fceacd0c86bd0ec997b0e1ee80d97f67c35a78b719dccab1",
                "sha256:6e811fcb295968434526407adb8796944f1988c5b65e8139058f2014cbe100fd"
            ],
            "version": "==4.3.21"
        },
        "lazy-object-proxy": {
            "hashes": [
                "sha256:02b260c8deb80db09325b99edf62ae344ce9bc64d68b7a634410b8e9a568edbf",
                "sha256:18f9c401083a4ba6e162355873f906315332ea7035803d0fd8166051e3d402e3",
                "sha256:1f2c6209a8917c525c1e2b55a716135ca4658a3042b5122d4e3413a4030c26ce",
                "sha256:2f06d97f0ca0f414f6b707c974aaf8829c2292c1c497642f63824119d770226f",
                "sha256:616c94f8176808f4018b39f9638080ed86f96b55370b5a9463b2ee5c926f6c5f",
                "sha256:63b91e30ef47ef68a30f0c3c278fbfe9822319c15f34b7538a829515b84ca2a0",
                "sha256:77b454f03860b844f758c5d5c6e5f18d27de899a3db367f4af06bec2e6013a8e",
                "sha256:83fe27ba321e4cfac466178606147d3c0aa18e8087507caec78ed5a966a64905",
                "sha256:84742532d39f72df959d237912344d8a1764c2d03fe58beba96a87bfa11a76d8",
                "sha256:874ebf3caaf55a020aeb08acead813baf5a305927a71ce88c9377970fe7ad3c2",
                "sha256:9f5caf2c7436d44f3cec97c2fa7791f8a675170badbfa86e1992ca1b84c37009",
                "sha256:a0c8758d01fcdfe7ae8e4b4017b13552efa7f1197dd7358dc9da0576f9d0328a",
                "sha256:a4def978d9d28cda2d960c279318d46b327632686d82b4917516c36d4c274512",
                "sha256:ad4f4be843dace866af5fc142509e9b9817ca0c59342fdb176ab6ad552c927f5",
                "sha256:ae33dd198f772f714420c5ab698ff05ff900150486c648d29951e9c70694338e",
                "sha256:b4a2b782b8a8c5522ad35c93e04d60e2ba7f7dcb9271ec8e8c3e08239be6c7b4",
                "sha256:c462eb33f6abca3b34cdedbe84d761f31a60b814e173b98ede3c81bb48967c4f",
                "sha256:fd135b8d35dfdcdb984828c84d695937e58cc5f49e1c854eb311c4d6aa03f4f1"
            ],
            "version": "==1.4.2"
        },
        "mccabe": {
            "hashes": [
                "sha256:ab8a6258860da4b6677da4bd2fe5dc2c659cff31b3ee4f7f5d64e79735b80d42",
                "sha256:dd8d182285a0fe56bace7f45b5e7d1a6ebcbf524e8f3bd87eb0f125271b8831f"
            ],
            "version": "==0.6.1"
        },
        "more-itertools": {
            "hashes": [
                "sha256:409cd48d4db7052af495b09dec721011634af3753ae1ef92d2b32f73a745f832",
                "sha256:92b8c4b06dac4f0611c0729b2f2ede52b2e1bac1ab48f089c7ddc12e26bb60c4"
            ],
            "version": "==7.2.0"
        },
        "mypy": {
            "hashes": [
                "sha256:04bffef22377b3f56f96da2d032e5d0b2e8a9062a127afc008dc4b0e64cede7a",
                "sha256:cdd3ddf96a2cc2e955bcc7b2a16b25e400f132393375b45a2d719c91ac1a8291"
            ],
            "index": "pypi",
            "version": "==0.590"
        },
        "pluggy": {
            "hashes": [
                "sha256:7f8ae7f5bdf75671a718d2daf0a64b7885f74510bcd98b1a0bb420eb9a9d0cff",
                "sha256:d345c8fe681115900d6da8d048ba67c25df42973bda370783cd58826442dcd7c",
                "sha256:e160a7fcf25762bb60efc7e171d4497ff1d8d2d75a3d0df7a21b76821ecbf5c5"
            ],
            "version": "==0.6.0"
        },
        "py": {
            "hashes": [
                "sha256:64f65755aee5b381cea27766a3a147c3f15b9b6b9ac88676de66ba2ae36793fa",
                "sha256:dc639b046a6e2cff5bbe40194ad65936d6ba360b52b3c3fe1d08a82dd50b5e53"
            ],
            "version": "==1.8.0"
        },
        "pycodestyle": {
            "hashes": [
                "sha256:cbc619d09254895b0d12c2c691e237b2e91e9b2ecf5e84c26b35400f93dcfb83",
                "sha256:cbfca99bd594a10f674d0cd97a3d802a1fdef635d4361e1a2658de47ed261e3a"
            ],
            "index": "pypi",
            "version": "==2.4.0"
        },
        "pydocstyle": {
            "hashes": [
                "sha256:08a870edc94508264ed90510db466c6357c7192e0e866561d740624a8fc7d90c",
                "sha256:4d5bcde961107873bae621f3d580c3e35a426d3687ffc6f8fb356f6628da5a97",
                "sha256:af9fcccb303899b83bec82dc9a1d56c60fc369973223a5e80c3dfa9bdf984405"
            ],
            "index": "pypi",
            "version": "==2.1.1"
        },
        "pylint": {
            "hashes": [
                "sha256:0b7e6b5d9f1d4e0b554b5d948f14ed7969e8cdf9a0120853e6e5af60813b18ab",
                "sha256:34738a82ab33cbd3bb6cd4cef823dbcabdd2b6b48a4e3a3054a2bbbf0c712be9"
            ],
            "index": "pypi",
            "version": "==1.8.4"
        },
        "pytest": {
            "hashes": [
                "sha256:6266f87ab64692112e5477eba395cfedda53b1933ccd29478e671e73b420c19c",
                "sha256:fae491d1874f199537fd5872b5e1f0e74a009b979df9d53d1553fd03da1703e1"
            ],
            "index": "pypi",
            "version": "==3.5.0"
        },
        "pytest-asyncio": {
            "hashes": [
                "sha256:286b50773e996c80d894b95afaf45df6952408a67a59979ca9839f94693ec7fd",
                "sha256:f32804bb58a66e13a3eda11f8942a71b1b6a30466b0d2ffe9214787aab0e172e"
            ],
            "index": "pypi",
            "version": "==0.8.0"
        },
        "pytest-cov": {
            "hashes": [
                "sha256:03aa752cf11db41d281ea1d807d954c4eda35cfa1b21d6971966cc041bbf6e2d",
                "sha256:890fe5565400902b0c78b5357004aab1c814115894f4f21370e2433256a3eeec"
            ],
            "index": "pypi",
            "version": "==2.5.1"
        },
        "pytest-mock": {
            "hashes": [
                "sha256:173fd47c872d105368aeb22dca1415db9f269c0ee1c3832c3aebadd3e80f6133",
                "sha256:40f4f7148a81c94656a4fe7cf067edd62e541599bb70a6d3af50ffac4c2312f2"
            ],
            "index": "pypi",
            "version": "==1.9.0"
        },
        "six": {
            "hashes": [
                "sha256:3350809f0555b11f552448330d0b52d5f24c91a322ea4a15ef22629740f3761c",
                "sha256:d16a0141ec1a18405cd4ce8b4613101da75da0e9a7aec5bdd4fa804d0e0eba73"
            ],
            "version": "==1.12.0"
        },
        "snowballstemmer": {
            "hashes": [
                "sha256:209f257d7533fdb3cb73bdbd24f436239ca3b2fa67d56f6ff88e86be08cc5ef0",
                "sha256:df3bac3df4c2c01363f3dd2cfa78cce2840a79b9f1c2d2de9ce8d31683992f52"
            ],
            "version": "==2.0.0"
        },
        "typed-ast": {
            "hashes": [
                "sha256:0cf0c406af2a6472a02254fe1ced40cb81a7c1215b7ceba88a3bb9c3a864f851",
                "sha256:1b784cd3c6778cd7b99afb41ddcaa1eb5b35a399210db7fcf24ed082670e0070",
                "sha256:2d7a322c1df6cccff2381c0475c1ebf82d3e9a331e48ed4ea89bbc72a8dedca6",
                "sha256:4304399ff89452871348f6fb7a7112454cd508fbe3eb49b5ed711cce9b99fe9e",
                "sha256:4658aebc30c0af80e63b579e917c04b592bdf10ef40da381b2fd179075b5d1b6",
                "sha256:471a7f12e55ad22f7a4bb2c3e62e39e3ab78008b24c61c48c9042e63b7359bb9",
                "sha256:57cb23412dac214383c6b6f0f7b0aec2d0c001a936af20f0b53542bbe4ba08a7",
                "sha256:5eb14e6b3aa5ff5d7e964b978a718227b5576b3965f1dd71dd055f71054233a5",
                "sha256:8219b6147af4d609096b6db2c797281e19fd3f7232ef35932bc74a812ff417a0",
                "sha256:8a7e9635cf0aaca04b2a4d4b3501c0dbc5c49a140b2e55b00e218d41ed2a69c8",
                "sha256:935157ada4aa115d61c59e759e43c5862b04d19ffe6fe5c9d735716587535cb7",
                "sha256:9525f4cbe3eb7b9e19a87c765ca9bbc1147ce18f75059e15138eb7fc59ce02e3",
                "sha256:99c140583eef6b50f3de4af44718a4fc63108671b29c468b5ff83ed383facf6d",
                "sha256:9e358ce6d4c43a90c15b99b76261adc852998680628c780f26fd64bc21adb9fa",
                "sha256:aaf63a024b54d2788cff3400de79009ee8a23594b581d4f33d90b7c67f8c05bd",
                "sha256:c3313b3fa1b6b722866eda370c14fd8f4962b6bcd1f6d43f42d6818a8b29d998",
                "sha256:c9342947e5f3480473d836754d69965a12ac2237d99ae85d1e3fdd1c1722669f",
                "sha256:cb1c7e5b3195103f5a784db7969fc55463cfae9b354e3b97cc219d32293d5e65",
                "sha256:d2d2cce74165cae2663167c921e331fb0eecfff2e93254dfdb16beb99716e519",
                "sha256:d6fc3b9fbf67d556223aa5493501022e1d585b9a1892fa87ba1257627763c461",
                "sha256:fa4eafaa57074958f065c2a6222d8f11162739f8c9db125472a1f04794a0b91d"
            ],
            "version": "==1.1.2"
        },
        "wrapt": {
            "hashes": [
                "sha256:565a021fd19419476b9362b05eeaa094178de64f8361e44468f9e9d7843901e1"
            ],
            "version": "==1.11.2"
        }
    }
}
